
Microsoft Visual Studio Solution File, Format Version 12.00
# Visual Studio Version 17
VisualStudioVersion = 17.1.32319.34
MinimumVisualStudioVersion = 10.0.40219.1
Project("{8BC9CEB8-8B4A-11D0-8D11-00A0C91BC942}") = "DSA", "DSA\DSA.vcxproj", "{297FB36C-C625-43D9-82B6-97B279476CCF}"
EndProject
Global
	GlobalSection(SolutionConfigurationPlatforms) = preSolution
		Debug|x64 = Debug|x64
		Debug|x86 = Debug|x86
		Release|x64 = Release|x64
		Release|x86 = Release|x86
	EndGlobalSection
	GlobalSection(ProjectConfigurationPlatforms) = postSolution
		{297FB36C-C625-43D9-82B6-97B279476CCF}.Debug|x64.ActiveCfg = Debug|x64
		{297FB36C-C625-43D9-82B6-97B279476CCF}.Debug|x64.Build.0 = Debug|x64
		{297FB36C-C625-43D9-82B6-97B279476CCF}.Debug|x86.ActiveCfg = Debug|Win32
		{297FB36C-C625-43D9-82B6-97B279476CCF}.Debug|x86.Build.0 = Debug|Win32
		{297FB36C-C625-43D9-82B6-97B279476CCF}.Release|x64.ActiveCfg = Release|x64
		{297FB36C-C625-43D9-82B6-97B279476CCF}.Release|x64.Build.0 = Release|x64
		{297FB36C-C625-43D9-82B6-97B279476CCF}.Release|x86.ActiveCfg = Release|Win32
		{297FB36C-C625-43D9-82B6-97B279476CCF}.Release|x86.Build.0 = Release|Win32
	EndGlobalSection
	GlobalSection(SolutionProperties) = preSolution
		HideSolutionNode = FALSE
	EndGlobalSection
	GlobalSection(ExtensibilityGlobals) = postSolution
		SolutionGuid = {40C4B5D9-2CDD-439A-A85C-1206FD5D193D}
	EndGlobalSection
EndGlobal
