
Microsoft Visual Studio Solution File, Format Version 12.00
# Visual Studio Version 17
VisualStudioVersion = 17.1.32421.90
MinimumVisualStudioVersion = 10.0.40219.1
Project("{8BC9CEB8-8B4A-11D0-8D11-00A0C91BC942}") = "Symmetric_Cipher", "Symmetric_Cipher\Symmetric_Cipher.vcxproj", "{5EAF212C-ACF1-400B-A0B8-EBD323F8833E}"
EndProject
Project("{8BC9CEB8-8B4A-11D0-8D11-00A0C91BC942}") = "BigINt", "BigINt\BigINt.vcxproj", "{A011C573-228F-4412-9F82-C82500315DD6}"
EndProject
Global
	GlobalSection(SolutionConfigurationPlatforms) = preSolution
		Debug|x64 = Debug|x64
		Debug|x86 = Debug|x86
		Release|x64 = Release|x64
		Release|x86 = Release|x86
	EndGlobalSection
	GlobalSection(ProjectConfigurationPlatforms) = postSolution
		{5EAF212C-ACF1-400B-A0B8-EBD323F8833E}.Debug|x64.ActiveCfg = Debug|x64
		{5EAF212C-ACF1-400B-A0B8-EBD323F8833E}.Debug|x64.Build.0 = Debug|x64
		{5EAF212C-ACF1-400B-A0B8-EBD323F8833E}.Debug|x86.ActiveCfg = Debug|Win32
		{5EAF212C-ACF1-400B-A0B8-EBD323F8833E}.Debug|x86.Build.0 = Debug|Win32
		{5EAF212C-ACF1-400B-A0B8-EBD323F8833E}.Release|x64.ActiveCfg = Release|x64
		{5EAF212C-ACF1-400B-A0B8-EBD323F8833E}.Release|x64.Build.0 = Release|x64
		{5EAF212C-ACF1-400B-A0B8-EBD323F8833E}.Release|x86.ActiveCfg = Release|Win32
		{5EAF212C-ACF1-400B-A0B8-EBD323F8833E}.Release|x86.Build.0 = Release|Win32
		{A011C573-228F-4412-9F82-C82500315DD6}.Debug|x64.ActiveCfg = Debug|x64
		{A011C573-228F-4412-9F82-C82500315DD6}.Debug|x64.Build.0 = Debug|x64
		{A011C573-228F-4412-9F82-C82500315DD6}.Debug|x86.ActiveCfg = Debug|Win32
		{A011C573-228F-4412-9F82-C82500315DD6}.Debug|x86.Build.0 = Debug|Win32
		{A011C573-228F-4412-9F82-C82500315DD6}.Release|x64.ActiveCfg = Release|x64
		{A011C573-228F-4412-9F82-C82500315DD6}.Release|x64.Build.0 = Release|x64
		{A011C573-228F-4412-9F82-C82500315DD6}.Release|x86.ActiveCfg = Release|Win32
		{A011C573-228F-4412-9F82-C82500315DD6}.Release|x86.Build.0 = Release|Win32
	EndGlobalSection
	GlobalSection(SolutionProperties) = preSolution
		HideSolutionNode = FALSE
	EndGlobalSection
	GlobalSection(ExtensibilityGlobals) = postSolution
		SolutionGuid = {BB9D213B-2F4F-4B0D-8B97-3F8A3FE4A3AE}
	EndGlobalSection
EndGlobal
