<?xml version="1.0" encoding="utf-8"?>
<Project ToolsVersion="4.0" xmlns="http://schemas.microsoft.com/developer/msbuild/2003">
  <ItemGroup>
    <Filter Include="Source Files">
      <UniqueIdentifier>{4FC737F1-C7A5-4376-A066-2A32D752A2FF}</UniqueIdentifier>
      <Extensions>cpp;c;cc;cxx;c++;cppm;ixx;def;odl;idl;hpj;bat;asm;asmx</Extensions>
    </Filter>
    <Filter Include="Header Files">
      <UniqueIdentifier>{93995380-89BD-4b04-88EB-625FBE52EBFB}</UniqueIdentifier>
      <Extensions>h;hh;hpp;hxx;h++;hm;inl;inc;ipp;xsd</Extensions>
    </Filter>
    <Filter Include="Resource Files">
      <UniqueIdentifier>{67DA6AB6-F800-4c08-8B7A-83BB121AAD01}</UniqueIdentifier>
      <Extensions>rc;ico;cur;bmp;dlg;rc2;rct;bin;rgs;gif;jpg;jpeg;jpe;resx;tiff;tif;png;wav;mfcribbon-ms</Extensions>
    </Filter>
  </ItemGroup>
  <ItemGroup>
    <ClInclude Include="List.h">
      <Filter>Header Files</Filter>
    </ClInclude>
    <ClInclude Include="Node.h">
      <Filter>Header Files</Filter>
    </ClInclude>
    <ClInclude Include="SoPhuc.h">
      <Filter>Header Files</Filter>
    </ClInclude>
    <ClInclude Include="Stack.h">
      <Filter>Header Files</Filter>
    </ClInclude>
    <ClInclude Include="String.h">
      <Filter>Header Files</Filter>
    </ClInclude>
    <ClInclude Include="Time.h">
      <Filter>Header Files</Filter>
    </ClInclude>
    <ClInclude Include="CTimeSpan.h">
      <Filter>Header Files</Filter>
    </ClInclude>
    <ClInclude Include="PhanSo.h">
      <Filter>Header Files</Filter>
    </ClInclude>
    <ClInclude Include="NhanVien.h">
      <Filter>Header Files</Filter>
    </ClInclude>
    <ClInclude Include="NVSanXuat.h">
      <Filter>Header Files</Filter>
    </ClInclude>
    <ClInclude Include="NVVanPhong.h">
      <Filter>Header Files</Filter>
    </ClInclude>
    <ClInclude Include="Person.h">
      <Filter>Header Files</Filter>
    </ClInclude>
    <ClInclude Include="SinhVien.h">
      <Filter>Header Files</Filter>
    </ClInclude>
    <ClInclude Include="HocSinh.h">
      <Filter>Header Files</Filter>
    </ClInclude>
    <ClInclude Include="CongNhan.h">
      <Filter>Header Files</Filter>
    </ClInclude>
    <ClInclude Include="NgheSi.h">
      <Filter>Header Files</Filter>
    </ClInclude>
    <ClInclude Include="CaSi.h">
      <Filter>Header Files</Filter>
    </ClInclude>
    <ClInclude Include="Elipse.h">
      <Filter>Header Files</Filter>
    </ClInclude>
    <ClInclude Include="HinhTron.h">
      <Filter>Header Files</Filter>
    </ClInclude>
    <ClInclude Include="TUGIAC.h">
      <Filter>Header Files</Filter>
    </ClInclude>
    <ClInclude Include="Point2D.h">
      <Filter>Header Files</Filter>
    </ClInclude>
    <ClInclude Include="HinhThang.h">
      <Filter>Header Files</Filter>
    </ClInclude>
    <ClInclude Include="HinhBinhHanh.h">
      <Filter>Header Files</Filter>
    </ClInclude>
    <ClInclude Include="HinhChuNhat.h">
      <Filter>Header Files</Filter>
    </ClInclude>
    <ClInclude Include="HinhVuong.h">
      <Filter>Header Files</Filter>
    </ClInclude>
  </ItemGroup>
  <ItemGroup>
    <ClCompile Include="main.cpp">
      <Filter>Source Files</Filter>
    </ClCompile>
    <ClCompile Include="mainList.cpp">
      <Filter>Source Files</Filter>
    </ClCompile>
    <ClCompile Include="List.cpp">
      <Filter>Resource Files</Filter>
    </ClCompile>
    <ClCompile Include="Node.cpp">
      <Filter>Resource Files</Filter>
    </ClCompile>
    <ClCompile Include="SoPhuc.cpp">
      <Filter>Resource Files</Filter>
    </ClCompile>
    <ClCompile Include="Stack.cpp">
      <Filter>Resource Files</Filter>
    </ClCompile>
    <ClCompile Include="String.cpp">
      <Filter>Resource Files</Filter>
    </ClCompile>
    <ClCompile Include="Time.cpp">
      <Filter>Resource Files</Filter>
    </ClCompile>
    <ClCompile Include="CTimeSpan.cpp">
      <Filter>Resource Files</Filter>
    </ClCompile>
    <ClCompile Include="main_ctime.cpp">
      <Filter>Source Files</Filter>
    </ClCompile>
    <ClCompile Include="PhanSo.cpp">
      <Filter>Resource Files</Filter>
    </ClCompile>
    <ClCompile Include="main_ps.cpp">
      <Filter>Source Files</Filter>
    </ClCompile>
    <ClCompile Include="NhanVien.cpp">
      <Filter>Resource Files</Filter>
    </ClCompile>
    <ClCompile Include="NVSanXuat.cpp">
      <Filter>Resource Files</Filter>
    </ClCompile>
    <ClCompile Include="NVVanPhong.cpp">
      <Filter>Resource Files</Filter>
    </ClCompile>
    <ClCompile Include="Person.cpp">
      <Filter>Resource Files</Filter>
    </ClCompile>
    <ClCompile Include="SinhVien.cpp">
      <Filter>Resource Files</Filter>
    </ClCompile>
    <ClCompile Include="NgheSi.cpp">
      <Filter>Resource Files</Filter>
    </ClCompile>
    <ClCompile Include="CaSi.cpp">
      <Filter>Resource Files</Filter>
    </ClCompile>
    <ClCompile Include="CongNhan.cpp">
      <Filter>Resource Files</Filter>
    </ClCompile>
    <ClCompile Include="Elipse.cpp">
      <Filter>Resource Files</Filter>
    </ClCompile>
    <ClCompile Include="HocSinh.cpp">
      <Filter>Resource Files</Filter>
    </ClCompile>
    <ClCompile Include="HinhTron.cpp">
      <Filter>Resource Files</Filter>
    </ClCompile>
    <ClCompile Include="Point2D.cpp">
      <Filter>Resource Files</Filter>
    </ClCompile>
    <ClCompile Include="TUGIAC.cpp">
      <Filter>Resource Files</Filter>
    </ClCompile>
    <ClCompile Include="HinhBinhHanh.cpp">
      <Filter>Resource Files</Filter>
    </ClCompile>
    <ClCompile Include="HinhChuNhat.cpp">
      <Filter>Resource Files</Filter>
    </ClCompile>
    <ClCompile Include="HinhVuong.cpp">
      <Filter>Resource Files</Filter>
    </ClCompile>
    <ClCompile Include="HinhThang.cpp">
      <Filter>Resource Files</Filter>
    </ClCompile>
    <ClCompile Include="main_5.cpp">
      <Filter>Source Files</Filter>
    </ClCompile>
    <ClCompile Include="main_4.cpp">
      <Filter>Source Files</Filter>
    </ClCompile>
    <ClCompile Include="main_2.cpp">
      <Filter>Source Files</Filter>
    </ClCompile>
    <ClCompile Include="main_1.cpp">
      <Filter>Source Files</Filter>
    </ClCompile>
  </ItemGroup>
</Project>